
Microsoft Visual Studio Solution File, Format Version 12.00
# Visual Studio 15
VisualStudioVersion = 15.0.28307.539
MinimumVisualStudioVersion = 10.0.40219.1
Project("{FAE04EC0-301F-11D3-BF4B-00C04F79EFBC}") = "BloodBank_Team7", "BloodBank_Team7\BloodBank_Team7.csproj", "{FF35BE01-2D11-4764-9456-ECCDB884A2FE}"
EndProject
Global
	GlobalSection(SolutionConfigurationPlatforms) = preSolution
		Debug|Any CPU = Debug|Any CPU
		Release|Any CPU = Release|Any CPU
	EndGlobalSection
	GlobalSection(ProjectConfigurationPlatforms) = postSolution
		{FF35BE01-2D11-4764-9456-ECCDB884A2FE}.Debug|Any CPU.ActiveCfg = Debug|Any CPU
		{FF35BE01-2D11-4764-9456-ECCDB884A2FE}.Debug|Any CPU.Build.0 = Debug|Any CPU
		{FF35BE01-2D11-4764-9456-ECCDB884A2FE}.Release|Any CPU.ActiveCfg = Release|Any CPU
		{FF35BE01-2D11-4764-9456-ECCDB884A2FE}.Release|Any CPU.Build.0 = Release|Any CPU
	EndGlobalSection
	GlobalSection(SolutionProperties) = preSolution
		HideSolutionNode = FALSE
	EndGlobalSection
	GlobalSection(ExtensibilityGlobals) = postSolution
		SolutionGuid = {6CC12B83-2B51-4A0E-BCE0-E76ED0466406}
	EndGlobalSection
EndGlobal
